
Microsoft Visual Studio Solution File, Format Version 12.00
# Visual Studio Version 16
VisualStudioVersion = 16.0.31105.61
MinimumVisualStudioVersion = 10.0.40219.1
Project("{2150E333-8FDC-42A3-9474-1A3956D46DE8}") = "UI", "UI", "{EAC9B458-8F36-4459-8A3E-17C98333EC12}"
EndProject
Project("{2150E333-8FDC-42A3-9474-1A3956D46DE8}") = "Common", "Common", "{B5DC661D-CFB7-4CB0-999D-17759BC9B1BE}"
EndProject
Project("{2150E333-8FDC-42A3-9474-1A3956D46DE8}") = "Services", "Services", "{E2C1FEEF-646D-468E-AED7-B1DB5BAFD9DE}"
EndProject
Project("{9A19103F-16F7-4668-BE54-9A1E7A4F7556}") = "WebStore", "UI\WebStore\WebStore.csproj", "{05D9E250-72BA-4E4C-9C74-E4079D83E8D0}"
EndProject
Project("{9A19103F-16F7-4668-BE54-9A1E7A4F7556}") = "WebStore.DAL", "Services\WebStore.DAL\WebStore.DAL.csproj", "{92E9693F-6E01-4175-B38A-9BED9612499F}"
EndProject
Project("{9A19103F-16F7-4668-BE54-9A1E7A4F7556}") = "WebStore.Domain", "Common\WebStore.Domain\WebStore.Domain.csproj", "{418F2533-C2E8-4383-A3B8-2721E0194B95}"
EndProject
Project("{9A19103F-16F7-4668-BE54-9A1E7A4F7556}") = "WebStore.Interfaces", "Services\WebStore.Interfaces\WebStore.Interfaces.csproj", "{2C38B031-48E2-4BA9-8AD6-45BD06120E4C}"
EndProject
Project("{9A19103F-16F7-4668-BE54-9A1E7A4F7556}") = "WebStore.Services", "Services\WebStore.Services\WebStore.Services.csproj", "{88C4E0DB-9EEC-4C5F-B720-415249839EFF}"
EndProject
Project("{9A19103F-16F7-4668-BE54-9A1E7A4F7556}") = "WebStore.ServiceHosting", "Services\WebStore.ServiceHosting\WebStore.ServiceHosting.csproj", "{8EC8DC58-8ECC-4FC6-9D7D-01E49E82BDE0}"
EndProject
Project("{9A19103F-16F7-4668-BE54-9A1E7A4F7556}") = "WebStore.Clients", "Services\WebStore.Clients\WebStore.Clients.csproj", "{F1F08F1C-7C75-4945-A7C9-89611C382858}"
EndProject
Project("{9A19103F-16F7-4668-BE54-9A1E7A4F7556}") = "WebStore.ConsoleUI", "UI\WebStore.ConsoleUI\WebStore.ConsoleUI.csproj", "{89674157-045B-4273-B607-234506519E97}"
EndProject
Project("{FAE04EC0-301F-11D3-BF4B-00C04F79EFBC}") = "WebStore.Logger", "Common\WebStore.Logger\WebStore.Logger.csproj", "{384DB57B-37B4-4D01-9716-73D38F8BFDA4}"
EndProject
Global
	GlobalSection(SolutionConfigurationPlatforms) = preSolution
		Debug|Any CPU = Debug|Any CPU
		Release|Any CPU = Release|Any CPU
	EndGlobalSection
	GlobalSection(ProjectConfigurationPlatforms) = postSolution
		{05D9E250-72BA-4E4C-9C74-E4079D83E8D0}.Debug|Any CPU.ActiveCfg = Debug|Any CPU
		{05D9E250-72BA-4E4C-9C74-E4079D83E8D0}.Debug|Any CPU.Build.0 = Debug|Any CPU
		{05D9E250-72BA-4E4C-9C74-E4079D83E8D0}.Release|Any CPU.ActiveCfg = Release|Any CPU
		{05D9E250-72BA-4E4C-9C74-E4079D83E8D0}.Release|Any CPU.Build.0 = Release|Any CPU
		{92E9693F-6E01-4175-B38A-9BED9612499F}.Debug|Any CPU.ActiveCfg = Debug|Any CPU
		{92E9693F-6E01-4175-B38A-9BED9612499F}.Debug|Any CPU.Build.0 = Debug|Any CPU
		{92E9693F-6E01-4175-B38A-9BED9612499F}.Release|Any CPU.ActiveCfg = Release|Any CPU
		{92E9693F-6E01-4175-B38A-9BED9612499F}.Release|Any CPU.Build.0 = Release|Any CPU
		{418F2533-C2E8-4383-A3B8-2721E0194B95}.Debug|Any CPU.ActiveCfg = Debug|Any CPU
		{418F2533-C2E8-4383-A3B8-2721E0194B95}.Debug|Any CPU.Build.0 = Debug|Any CPU
		{418F2533-C2E8-4383-A3B8-2721E0194B95}.Release|Any CPU.ActiveCfg = Release|Any CPU
		{418F2533-C2E8-4383-A3B8-2721E0194B95}.Release|Any CPU.Build.0 = Release|Any CPU
		{2C38B031-48E2-4BA9-8AD6-45BD06120E4C}.Debug|Any CPU.ActiveCfg = Debug|Any CPU
		{2C38B031-48E2-4BA9-8AD6-45BD06120E4C}.Debug|Any CPU.Build.0 = Debug|Any CPU
		{2C38B031-48E2-4BA9-8AD6-45BD06120E4C}.Release|Any CPU.ActiveCfg = Release|Any CPU
		{2C38B031-48E2-4BA9-8AD6-45BD06120E4C}.Release|Any CPU.Build.0 = Release|Any CPU
		{88C4E0DB-9EEC-4C5F-B720-415249839EFF}.Debug|Any CPU.ActiveCfg = Debug|Any CPU
		{88C4E0DB-9EEC-4C5F-B720-415249839EFF}.Debug|Any CPU.Build.0 = Debug|Any CPU
		{88C4E0DB-9EEC-4C5F-B720-415249839EFF}.Release|Any CPU.ActiveCfg = Release|Any CPU
		{88C4E0DB-9EEC-4C5F-B720-415249839EFF}.Release|Any CPU.Build.0 = Release|Any CPU
		{8EC8DC58-8ECC-4FC6-9D7D-01E49E82BDE0}.Debug|Any CPU.ActiveCfg = Debug|Any CPU
		{8EC8DC58-8ECC-4FC6-9D7D-01E49E82BDE0}.Debug|Any CPU.Build.0 = Debug|Any CPU
		{8EC8DC58-8ECC-4FC6-9D7D-01E49E82BDE0}.Release|Any CPU.ActiveCfg = Release|Any CPU
		{8EC8DC58-8ECC-4FC6-9D7D-01E49E82BDE0}.Release|Any CPU.Build.0 = Release|Any CPU
		{F1F08F1C-7C75-4945-A7C9-89611C382858}.Debug|Any CPU.ActiveCfg = Debug|Any CPU
		{F1F08F1C-7C75-4945-A7C9-89611C382858}.Debug|Any CPU.Build.0 = Debug|Any CPU
		{F1F08F1C-7C75-4945-A7C9-89611C382858}.Release|Any CPU.ActiveCfg = Release|Any CPU
		{F1F08F1C-7C75-4945-A7C9-89611C382858}.Release|Any CPU.Build.0 = Release|Any CPU
		{89674157-045B-4273-B607-234506519E97}.Debug|Any CPU.ActiveCfg = Debug|Any CPU
		{89674157-045B-4273-B607-234506519E97}.Debug|Any CPU.Build.0 = Debug|Any CPU
		{89674157-045B-4273-B607-234506519E97}.Release|Any CPU.ActiveCfg = Release|Any CPU
		{89674157-045B-4273-B607-234506519E97}.Release|Any CPU.Build.0 = Release|Any CPU
		{384DB57B-37B4-4D01-9716-73D38F8BFDA4}.Debug|Any CPU.ActiveCfg = Debug|Any CPU
		{384DB57B-37B4-4D01-9716-73D38F8BFDA4}.Debug|Any CPU.Build.0 = Debug|Any CPU
		{384DB57B-37B4-4D01-9716-73D38F8BFDA4}.Release|Any CPU.ActiveCfg = Release|Any CPU
		{384DB57B-37B4-4D01-9716-73D38F8BFDA4}.Release|Any CPU.Build.0 = Release|Any CPU
	EndGlobalSection
	GlobalSection(SolutionProperties) = preSolution
		HideSolutionNode = FALSE
	EndGlobalSection
	GlobalSection(NestedProjects) = preSolution
		{05D9E250-72BA-4E4C-9C74-E4079D83E8D0} = {EAC9B458-8F36-4459-8A3E-17C98333EC12}
		{92E9693F-6E01-4175-B38A-9BED9612499F} = {E2C1FEEF-646D-468E-AED7-B1DB5BAFD9DE}
		{418F2533-C2E8-4383-A3B8-2721E0194B95} = {B5DC661D-CFB7-4CB0-999D-17759BC9B1BE}
		{2C38B031-48E2-4BA9-8AD6-45BD06120E4C} = {E2C1FEEF-646D-468E-AED7-B1DB5BAFD9DE}
		{88C4E0DB-9EEC-4C5F-B720-415249839EFF} = {E2C1FEEF-646D-468E-AED7-B1DB5BAFD9DE}
		{8EC8DC58-8ECC-4FC6-9D7D-01E49E82BDE0} = {E2C1FEEF-646D-468E-AED7-B1DB5BAFD9DE}
		{F1F08F1C-7C75-4945-A7C9-89611C382858} = {E2C1FEEF-646D-468E-AED7-B1DB5BAFD9DE}
		{89674157-045B-4273-B607-234506519E97} = {EAC9B458-8F36-4459-8A3E-17C98333EC12}
		{384DB57B-37B4-4D01-9716-73D38F8BFDA4} = {B5DC661D-CFB7-4CB0-999D-17759BC9B1BE}
	EndGlobalSection
	GlobalSection(ExtensibilityGlobals) = postSolution
		SolutionGuid = {F526B6AB-6BEF-49D9-AE15-9F50F08FE0CD}
	EndGlobalSection
EndGlobal
